schema: '2.0'
stages:
  preprocess:
    cmd: python src/preprocess_sroie.py
    deps:
    - path: data/raw/sroie/0325updated.task2train(626p)
      hash: md5
      md5: cbd909bcdb2b8edf4de796b4620f5095.dir
      size: 393512702
      nfiles: 1611
    - path: src/preprocess_sroie.py
      hash: md5
      md5: 43b142feac4bd6db283c1a490e486f95
      size: 1707
    outs:
    - path: data/processed/sroie_cleaned.csv
      hash: md5
      md5: 20fd8c282b72e641e7c382f6080de56a
      size: 101175
  split:
    cmd: python src/split_data.py
    deps:
    - path: data/processed/sroie_cleaned.csv
      hash: md5
      md5: 20fd8c282b72e641e7c382f6080de56a
      size: 101175
    - path: src/split_data.py
      hash: md5
      md5: a6b634417d648e50c9f1ce9d333f20e1
      size: 700
    outs:
    - path: data/splits/test.csv
      hash: md5
      md5: bb92c2d9d60e7f0b9d7772d9a0c5bfbb
      size: 15390
    - path: data/splits/train.csv
      hash: md5
      md5: 7be91801ef3eee8adb3939d274149332
      size: 70768
    - path: data/splits/val.csv
      hash: md5
      md5: c064ff97306407fa49146e2996de3524
      size: 15002
